
Microsoft Visual Studio Solution File, Format Version 12.00
# Visual Studio Version 17
VisualStudioVersion = 17.0.32112.339
MinimumVisualStudioVersion = 10.0.40219.1
Project("{2150E333-8FDC-42A3-9474-1A3956D46DE8}") = "ML", "ML", "{3ADBB7A1-4B3B-4411-B508-92B967AE162B}"
EndProject
Project("{2150E333-8FDC-42A3-9474-1A3956D46DE8}") = "Backend", "Backend", "{1F8D3A74-22A8-4657-86F7-4EA5953947DC}"
EndProject
Project("{2150E333-8FDC-42A3-9474-1A3956D46DE8}") = "Frontend", "Frontend", "{28EEA709-42C5-4213-A22F-267CFCB81EBF}"
EndProject
Project("{FAE04EC0-301F-11D3-BF4B-00C04F79EFBC}") = "Frontend", "Frontend\Frontend\Frontend.csproj", "{37B541C3-0461-4DD4-A689-7AA22C1BCF93}"
EndProject
Global
	GlobalSection(SolutionConfigurationPlatforms) = preSolution
		Debug|Any CPU = Debug|Any CPU
		Release|Any CPU = Release|Any CPU
	EndGlobalSection
	GlobalSection(ProjectConfigurationPlatforms) = postSolution
		{37B541C3-0461-4DD4-A689-7AA22C1BCF93}.Debug|Any CPU.ActiveCfg = Debug|Any CPU
		{37B541C3-0461-4DD4-A689-7AA22C1BCF93}.Debug|Any CPU.Build.0 = Debug|Any CPU
		{37B541C3-0461-4DD4-A689-7AA22C1BCF93}.Release|Any CPU.ActiveCfg = Release|Any CPU
		{37B541C3-0461-4DD4-A689-7AA22C1BCF93}.Release|Any CPU.Build.0 = Release|Any CPU
	EndGlobalSection
	GlobalSection(SolutionProperties) = preSolution
		HideSolutionNode = FALSE
	EndGlobalSection
	GlobalSection(NestedProjects) = preSolution
		{37B541C3-0461-4DD4-A689-7AA22C1BCF93} = {28EEA709-42C5-4213-A22F-267CFCB81EBF}
	EndGlobalSection
	GlobalSection(ExtensibilityGlobals) = postSolution
		SolutionGuid = {74EFB947-D30C-4C40-BA91-B25FB7964812}
	EndGlobalSection
EndGlobal
